// !$*UTF8*$!
{
	archiveVersion = 1;
	classes = {
	};
	objectVersion = 50;
	objects = {

/* Begin PBXBuildFile section */
		D2609E7925048FBF00E8E90A /* AppDelegate.m in Sources */ = {isa = PBXBuildFile; fileRef = D2609E7825048FBF00E8E90A /* AppDelegate.m */; };
		D2609E7C25048FBF00E8E90A /* SceneDelegate.m in Sources */ = {isa = PBXBuildFile; fileRef = D2609E7B25048FBF00E8E90A /* SceneDelegate.m */; };
		D2609E7F25048FBF00E8E90A /* ViewController.m in Sources */ = {isa = PBXBuildFile; fileRef = D2609E7E25048FBF00E8E90A /* ViewController.m */; };
		D2609E8225048FBF00E8E90A /* Main.storyboard in Resources */ = {isa = PBXBuildFile; fileRef = D2609E8025048FBF00E8E90A /* Main.storyboard */; };
		D2609E8525048FBF00E8E90A /* MI_Component.xcdatamodeld in Sources */ = {isa = PBXBuildFile; fileRef = D2609E8325048FBF00E8E90A /* MI_Component.xcdatamodeld */; };
		D2609E8725048FC100E8E90A /* Assets.xcassets in Resources */ = {isa = PBXBuildFile; fileRef = D2609E8625048FC100E8E90A /* Assets.xcassets */; };
		D2609E8A25048FC100E8E90A /* LaunchScreen.storyboard in Resources */ = {isa = PBXBuildFile; fileRef = D2609E8825048FC100E8E90A /* LaunchScreen.storyboard */; };
		D2609E8D25048FC100E8E90A /* main.m in Sources */ = {isa = PBXBuildFile; fileRef = D2609E8C25048FC100E8E90A /* main.m */; };
		D2609E9725048FC100E8E90A /* MI_ComponentTests.m in Sources */ = {isa = PBXBuildFile; fileRef = D2609E9625048FC100E8E90A /* MI_ComponentTests.m */; };
/* End PBXBuildFile section */

/* Begin PBXContainerItemProxy section */
		D2609E9325048FC100E8E90A /* PBXContainerItemProxy */ = {
			isa = PBXContainerItemProxy;
			containerPortal = D2609E6C25048FBF00E8E90A /* Project object */;
			proxyType = 1;
			remoteGlobalIDString = D2609E7325048FBF00E8E90A;
			remoteInfo = "MI Component";
		};
/* End PBXContainerItemProxy section */

/* Begin PBXFileReference section */
		D2609E7425048FBF00E8E90A /* MI Component.app */ = {isa = PBXFileReference; explicitFileType = wrapper.application; includeInIndex = 0; path = "MI Component.app"; sourceTree = BUILT_PRODUCTS_DIR; };
		D2609E7725048FBF00E8E90A /* AppDelegate.h */ = {isa = PBXFileReference; lastKnownFileType = sourcecode.c.h; path = AppDelegate.h; sourceTree = "<group>"; };
		D2609E7825048FBF00E8E90A /* AppDelegate.m */ = {isa = PBXFileReference; lastKnownFileType = sourcecode.c.objc; path = AppDelegate.m; sourceTree = "<group>"; };
		D2609E7A25048FBF00E8E90A /* SceneDelegate.h */ = {isa = PBXFileReference; lastKnownFileType = sourcecode.c.h; path = SceneDelegate.h; sourceTree = "<group>"; };
		D2609E7B25048FBF00E8E90A /* SceneDelegate.m */ = {isa = PBXFileReference; lastKnownFileType = sourcecode.c.objc; path = SceneDelegate.m; sourceTree = "<group>"; };
		D2609E7D25048FBF00E8E90A /* ViewController.h */ = {isa = PBXFileReference; lastKnownFileType = sourcecode.c.h; path = ViewController.h; sourceTree = "<group>"; };
		D2609E7E25048FBF00E8E90A /* ViewController.m */ = {isa = PBXFileReference; lastKnownFileType = sourcecode.c.objc; path = ViewController.m; sourceTree = "<group>"; };
		D2609E8125048FBF00E8E90A /* Base */ = {isa = PBXFileReference; lastKnownFileType = file.storyboard; name = Base; path = Base.lproj/Main.storyboard; sourceTree = "<group>"; };
		D2609E8425048FBF00E8E90A /* MI_Component.xcdatamodel */ = {isa = PBXFileReference; lastKnownFileType = wrapper.xcdatamodel; path = MI_Component.xcdatamodel; sourceTree = "<group>"; };
		D2609E8625048FC100E8E90A /* Assets.xcassets */ = {isa = PBXFileReference; lastKnownFileType = folder.assetcatalog; path = Assets.xcassets; sourceTree = "<group>"; };
		D2609E8925048FC100E8E90A /* Base */ = {isa = PBXFileReference; lastKnownFileType = file.storyboard; name = Base; path = Base.lproj/LaunchScreen.storyboard; sourceTree = "<group>"; };
		D2609E8B25048FC100E8E90A /* Info.plist */ = {isa = PBXFileReference; lastKnownFileType = text.plist.xml; path = Info.plist; sourceTree = "<group>"; };
		D2609E8C25048FC100E8E90A /* main.m */ = {isa = PBXFileReference; lastKnownFileType = sourcecode.c.objc; path = main.m; sourceTree = "<group>"; };
		D2609E9225048FC100E8E90A /* MI ComponentTests.xctest */ = {isa = PBXFileReference; explicitFileType = wrapper.cfbundle; includeInIndex = 0; path = "MI ComponentTests.xctest"; sourceTree = BUILT_PRODUCTS_DIR; };
		D2609E9625048FC100E8E90A /* MI_ComponentTests.m */ = {isa = PBXFileReference; lastKnownFileType = sourcecode.c.objc; path = MI_ComponentTests.m; sourceTree = "<group>"; };
		D2609E9825048FC100E8E90A /* Info.plist */ = {isa = PBXFileReference; lastKnownFileType = text.plist.xml; path = Info.plist; sourceTree = "<group>"; };
/* End PBXFileReference section */

/* Begin PBXFrameworksBuildPhase section */
		D2609E7125048FBF00E8E90A /* Frameworks */ = {
			isa = PBXFrameworksBuildPhase;
			buildActionMask = 2147483647;
			files = (
			);
			runOnlyForDeploymentPostprocessing = 0;
		};
		D2609E8F25048FC100E8E90A /* Frameworks */ = {
			isa = PBXFrameworksBuildPhase;
			buildActionMask = 2147483647;
			files = (
			);
			runOnlyForDeploymentPostprocessing = 0;
		};
/* End PBXFrameworksBuildPhase section */

/* Begin PBXGroup section */
		D2609E6B25048FBF00E8E90A = {
			isa = PBXGroup;
			children = (
				D2609E7625048FBF00E8E90A /* MI Component */,
				D2609E9525048FC100E8E90A /* MI ComponentTests */,
				D2609E7525048FBF00E8E90A /* Products */,
			);
			sourceTree = "<group>";
		};
		D2609E7525048FBF00E8E90A /* Products */ = {
			isa = PBXGroup;
			children = (
				D2609E7425048FBF00E8E90A /* MI Component.app */,
				D2609E9225048FC100E8E90A /* MI ComponentTests.xctest */,
			);
			name = Products;
			sourceTree = "<group>";
		};
		D2609E7625048FBF00E8E90A /* MI Component */ = {
			isa = PBXGroup;
			children = (
				D2609E7725048FBF00E8E90A /* AppDelegate.h */,
				D2609E7825048FBF00E8E90A /* AppDelegate.m */,
				D2609E7A25048FBF00E8E90A /* SceneDelegate.h */,
				D2609E7B25048FBF00E8E90A /* SceneDelegate.m */,
				D2609E7D25048FBF00E8E90A /* ViewController.h */,
				D2609E7E25048FBF00E8E90A /* ViewController.m */,
				D2609E8025048FBF00E8E90A /* Main.storyboard */,
				D2609E8625048FC100E8E90A /* Assets.xcassets */,
				D2609E8825048FC100E8E90A /* LaunchScreen.storyboard */,
				D2609E8B25048FC100E8E90A /* Info.plist */,
				D2609E8C25048FC100E8E90A /* main.m */,
				D2609E8325048FBF00E8E90A /* MI_Component.xcdatamodeld */,
			);
			path = "MI Component";
			sourceTree = "<group>";
		};
		D2609E9525048FC100E8E90A /* MI ComponentTests */ = {
			isa = PBXGroup;
			children = (
				D2609E9625048FC100E8E90A /* MI_ComponentTests.m */,
				D2609E9825048FC100E8E90A /* Info.plist */,
			);
			path = "MI ComponentTests";
			sourceTree = "<group>";
		};
/* End PBXGroup section */

/* Begin PBXNativeTarget section */
		D2609E7325048FBF00E8E90A /* MI Component */ = {
			isa = PBXNativeTarget;
			buildConfigurationList = D2609E9B25048FC100E8E90A /* Build configuration list for PBXNativeTarget "MI Component" */;
			buildPhases = (
				D2609E7025048FBF00E8E90A /* Sources */,
				D2609E7125048FBF00E8E90A /* Frameworks */,
				D2609E7225048FBF00E8E90A /* Resources */,
			);
			buildRules = (
			);
			dependencies = (
			);
			name = "MI Component";
			productName = "MI Component";
			productReference = D2609E7425048FBF00E8E90A /* MI Component.app */;
			productType = "com.apple.product-type.application";
		};
		D2609E9125048FC100E8E90A /* MI ComponentTests */ = {
			isa = PBXNativeTarget;
			buildConfigurationList = D2609E9E25048FC100E8E90A /* Build configuration list for PBXNativeTarget "MI ComponentTests" */;
			buildPhases = (
				D2609E8E25048FC100E8E90A /* Sources */,
				D2609E8F25048FC100E8E90A /* Frameworks */,
				D2609E9025048FC100E8E90A /* Resources */,
			);
			buildRules = (
			);
			dependencies = (
				D2609E9425048FC100E8E90A /* PBXTargetDependency */,
			);
			name = "MI ComponentTests";
			productName = "MI ComponentTests";
			productReference = D2609E9225048FC100E8E90A /* MI ComponentTests.xctest */;
			productType = "com.apple.product-type.bundle.unit-test";
		};
/* End PBXNativeTarget section */

/* Begin PBXProject section */
		D2609E6C25048FBF00E8E90A /* Project object */ = {
			isa = PBXProject;
			attributes = {
				LastUpgradeCheck = 1170;
				ORGANIZATIONNAME = HieuTDT;
				TargetAttributes = {
					D2609E7325048FBF00E8E90A = {
						CreatedOnToolsVersion = 11.7;
					};
					D2609E9125048FC100E8E90A = {
						CreatedOnToolsVersion = 11.7;
						TestTargetID = D2609E7325048FBF00E8E90A;
					};
				};
			};
			buildConfigurationList = D2609E6F25048FBF00E8E90A /* Build configuration list for PBXProject "MI Component" */;
			compatibilityVersion = "Xcode 9.3";
			developmentRegion = en;
			hasScannedForEncodings = 0;
			knownRegions = (
				en,
				Base,
			);
			mainGroup = D2609E6B25048FBF00E8E90A;
			productRefGroup = D2609E7525048FBF00E8E90A /* Products */;
			projectDirPath = "";
			projectRoot = "";
			targets = (
				D2609E7325048FBF00E8E90A /* MI Component */,
				D2609E9125048FC100E8E90A /* MI ComponentTests */,
			);
		};
/* End PBXProject section */

/* Begin PBXResourcesBuildPhase section */
		D2609E7225048FBF00E8E90A /* Resources */ = {
			isa = PBXResourcesBuildPhase;
			buildActionMask = 2147483647;
			files = (
				D2609E8A25048FC100E8E90A /* LaunchScreen.storyboard in Resources */,
				D2609E8725048FC100E8E90A /* Assets.xcassets in Resources */,
				D2609E8225048FBF00E8E90A /* Main.storyboard in Resources */,
			);
			runOnlyForDeploymentPostprocessing = 0;
		};
		D2609E9025048FC100E8E90A /* Resources */ = {
			isa = PBXResourcesBuildPhase;
			buildActionMask = 2147483647;
			files = (
			);
			runOnlyForDeploymentPostprocessing = 0;
		};
/* End PBXResourcesBuildPhase section */

/* Begin PBXSourcesBuildPhase section */
		D2609E7025048FBF00E8E90A /* Sources */ = {
			isa = PBXSourcesBuildPhase;
			buildActionMask = 2147483647;
			files = (
				D2609E8D25048FC100E8E90A /* main.m in Sources */,
				D2609E7F25048FBF00E8E90A /* ViewController.m in Sources */,
				D2609E8525048FBF00E8E90A /* MI_Component.xcdatamodeld in Sources */,
				D2609E7925048FBF00E8E90A /* AppDelegate.m in Sources */,
				D2609E7C25048FBF00E8E90A /* SceneDelegate.m in Sources */,
			);
			runOnlyForDeploymentPostprocessing = 0;
		};
		D2609E8E25048FC100E8E90A /* Sources */ = {
			isa = PBXSourcesBuildPhase;
			buildActionMask = 2147483647;
			files = (
				D2609E9725048FC100E8E90A /* MI_ComponentTests.m in Sources */,
			);
			runOnlyForDeploymentPostprocessing = 0;
		};
/* End PBXSourcesBuildPhase section */

/* Begin PBXTargetDependency section */
		D2609E9425048FC100E8E90A /* PBXTargetDependency */ = {
			isa = PBXTargetDependency;
			target = D2609E7325048FBF00E8E90A /* MI Component */;
			targetProxy = D2609E9325048FC100E8E90A /* PBXContainerItemProxy */;
		};
/* End PBXTargetDependency section */

/* Begin PBXVariantGroup section */
		D2609E8025048FBF00E8E90A /* Main.storyboard */ = {
			isa = PBXVariantGroup;
			children = (
				D2609E8125048FBF00E8E90A /* Base */,
			);
			name = Main.storyboard;
			sourceTree = "<group>";
		};
		D2609E8825048FC100E8E90A /* LaunchScreen.storyboard */ = {
			isa = PBXVariantGroup;
			children = (
				D2609E8925048FC100E8E90A /* Base */,
			);
			name = LaunchScreen.storyboard;
			sourceTree = "<group>";
		};
/* End PBXVariantGroup section */

/* Begin XCBuildConfiguration section */
		D2609E9925048FC100E8E90A /* Debug */ = {
			isa = XCBuildConfiguration;
			buildSettings = {
				ALWAYS_SEARCH_USER_PATHS = NO;
				CLANG_ANALYZER_NONNULL = YES;
				CLANG_ANALYZER_NUMBER_OBJECT_CONVERSION = YES_AGGRESSIVE;
				CLANG_CXX_LANGUAGE_STANDARD = "gnu++14";
				CLANG_CXX_LIBRARY = "libc++";
				CLANG_ENABLE_MODULES = YES;
				CLANG_ENABLE_OBJC_ARC = YES;
				CLANG_ENABLE_OBJC_WEAK = YES;
				CLANG_WARN_BLOCK_CAPTURE_AUTORELEASING = YES;
				CLANG_WARN_BOOL_CONVERSION = YES;
				CLANG_WARN_COMMA = YES;
				CLANG_WARN_CONSTANT_CONVERSION = YES;
				CLANG_WARN_DEPRECATED_OBJC_IMPLEMENTATIONS = YES;
				CLANG_WARN_DIRECT_OBJC_ISA_USAGE = YES_ERROR;
				CLANG_WARN_DOCUMENTATION_COMMENTS = YES;
				CLANG_WARN_EMPTY_BODY = YES;
				CLANG_WARN_ENUM_CONVERSION = YES;
				CLANG_WARN_INFINITE_RECURSION = YES;
				CLANG_WARN_INT_CONVERSION = YES;
				CLANG_WARN_NON_LITERAL_NULL_CONVERSION = YES;
				CLANG_WARN_OBJC_IMPLICIT_RETAIN_SELF = YES;
				CLANG_WARN_OBJC_LITERAL_CONVERSION = YES;
				CLANG_WARN_OBJC_ROOT_CLASS = YES_ERROR;
				CLANG_WARN_RANGE_LOOP_ANALYSIS = YES;
				CLANG_WARN_STRICT_PROTOTYPES = YES;
				CLANG_WARN_SUSPICIOUS_MOVE = YES;
				CLANG_WARN_UNGUARDED_AVAILABILITY = YES_AGGRESSIVE;
				CLANG_WARN_UNREACHABLE_CODE = YES;
				CLANG_WARN__DUPLICATE_METHOD_MATCH = YES;
				COPY_PHASE_STRIP = NO;
				DEBUG_INFORMATION_FORMAT = dwarf;
				ENABLE_STRICT_OBJC_MSGSEND = YES;
				ENABLE_TESTABILITY = YES;
				GCC_C_LANGUAGE_STANDARD = gnu11;
				GCC_DYNAMIC_NO_PIC = NO;
				GCC_NO_COMMON_BLOCKS = YES;
				GCC_OPTIMIZATION_LEVEL = 0;
				GCC_PREPROCESSOR_DEFINITIONS = (
					"DEBUG=1",
					"$(inherited)",
				);
				GCC_WARN_64_TO_32_BIT_CONVERSION = YES;
				GCC_WARN_ABOUT_RETURN_TYPE = YES_ERROR;
				GCC_WARN_UNDECLARED_SELECTOR = YES;
				GCC_WARN_UNINITIALIZED_AUTOS = YES_AGGRESSIVE;
				GCC_WARN_UNUSED_FUNCTION = YES;
				GCC_WARN_UNUSED_VARIABLE = YES;
				IPHONEOS_DEPLOYMENT_TARGET = 13.7;
				MTL_ENABLE_DEBUG_INFO = INCLUDE_SOURCE;
				MTL_FAST_MATH = YES;
				ONLY_ACTIVE_ARCH = YES;
				SDKROOT = iphoneos;
			};
			name = Debug;
		};
		D2609E9A25048FC100E8E90A /* Release */ = {
			isa = XCBuildConfiguration;
			buildSettings = {
				ALWAYS_SEARCH_USER_PATHS = NO;
				CLANG_ANALYZER_NONNULL = YES;
				CLANG_ANALYZER_NUMBER_OBJECT_CONVERSION = YES_AGGRESSIVE;
				CLANG_CXX_LANGUAGE_STANDARD = "gnu++14";
				CLANG_CXX_LIBRARY = "libc++";
				CLANG_ENABLE_MODULES = YES;
				CLANG_ENABLE_OBJC_ARC = YES;
				CLANG_ENABLE_OBJC_WEAK = YES;
				CLANG_WARN_BLOCK_CAPTURE_AUTORELEASING = YES;
				CLANG_WARN_BOOL_CONVERSION = YES;
				CLANG_WARN_COMMA = YES;
				CLANG_WARN_CONSTANT_CONVERSION = YES;
				CLANG_WARN_DEPRECATED_OBJC_IMPLEMENTATIONS = YES;
				CLANG_WARN_DIRECT_OBJC_ISA_USAGE = YES_ERROR;
				CLANG_WARN_DOCUMENTATION_COMMENTS = YES;
				CLANG_WARN_EMPTY_BODY = YES;
				CLANG_WARN_ENUM_CONVERSION = YES;
				CLANG_WARN_INFINITE_RECURSION = YES;
				CLANG_WARN_INT_CONVERSION = YES;
				CLANG_WARN_NON_LITERAL_NULL_CONVERSION = YES;
				CLANG_WARN_OBJC_IMPLICIT_RETAIN_SELF = YES;
				CLANG_WARN_OBJC_LITERAL_CONVERSION = YES;
				CLANG_WARN_OBJC_ROOT_CLASS = YES_ERROR;
				CLANG_WARN_RANGE_LOOP_ANALYSIS = YES;
				CLANG_WARN_STRICT_PROTOTYPES = YES;
				CLANG_WARN_SUSPICIOUS_MOVE = YES;
				CLANG_WARN_UNGUARDED_AVAILABILITY = YES_AGGRESSIVE;
				CLANG_WARN_UNREACHABLE_CODE = YES;
				CLANG_WARN__DUPLICATE_METHOD_MATCH = YES;
				COPY_PHASE_STRIP = NO;
				DEBUG_INFORMATION_FORMAT = "dwarf-with-dsym";
				ENABLE_NS_ASSERTIONS = NO;
				ENABLE_STRICT_OBJC_MSGSEND = YES;
				GCC_C_LANGUAGE_STANDARD = gnu11;
				GCC_NO_COMMON_BLOCKS = YES;
				GCC_WARN_64_TO_32_BIT_CONVERSION = YES;
				GCC_WARN_ABOUT_RETURN_TYPE = YES_ERROR;
				GCC_WARN_UNDECLARED_SELECTOR = YES;
				GCC_WARN_UNINITIALIZED_AUTOS = YES_AGGRESSIVE;
				GCC_WARN_UNUSED_FUNCTION = YES;
				GCC_WARN_UNUSED_VARIABLE = YES;
				IPHONEOS_DEPLOYMENT_TARGET = 13.7;
				MTL_ENABLE_DEBUG_INFO = NO;
				MTL_FAST_MATH = YES;
				SDKROOT = iphoneos;
				VALIDATE_PRODUCT = YES;
			};
			name = Release;
		};
		D2609E9C25048FC100E8E90A /* Debug */ = {
			isa = XCBuildConfiguration;
			buildSettings = {
				ASSETCATALOG_COMPILER_APPICON_NAME = AppIcon;
				CODE_SIGN_STYLE = Automatic;
				DEVELOPMENT_TEAM = VC54UPHUD4;
				INFOPLIST_FILE = "MI Component/Info.plist";
				LD_RUNPATH_SEARCH_PATHS = (
					"$(inherited)",
					"@executable_path/Frameworks",
				);
				PRODUCT_BUNDLE_IDENTIFIER = "hieutdt.zalo.MI-Component";
				PRODUCT_NAME = "$(TARGET_NAME)";
				TARGETED_DEVICE_FAMILY = "1,2";
			};
			name = Debug;
		};
		D2609E9D25048FC100E8E90A /* Release */ = {
			isa = XCBuildConfiguration;
			buildSettings = {
				ASSETCATALOG_COMPILER_APPICON_NAME = AppIcon;
				CODE_SIGN_STYLE = Automatic;
				DEVELOPMENT_TEAM = VC54UPHUD4;
				INFOPLIST_FILE = "MI Component/Info.plist";
				LD_RUNPATH_SEARCH_PATHS = (
					"$(inherited)",
					"@executable_path/Frameworks",
				);
				PRODUCT_BUNDLE_IDENTIFIER = "hieutdt.zalo.MI-Component";
				PRODUCT_NAME = "$(TARGET_NAME)";
				TARGETED_DEVICE_FAMILY = "1,2";
			};
			name = Release;
		};
		D2609E9F25048FC100E8E90A /* Debug */ = {
			isa = XCBuildConfiguration;
			buildSettings = {
				BUNDLE_LOADER = "$(TEST_HOST)";
				CODE_SIGN_STYLE = Automatic;
				DEVELOPMENT_TEAM = VC54UPHUD4;
				INFOPLIST_FILE = "MI ComponentTests/Info.plist";
				IPHONEOS_DEPLOYMENT_TARGET = 13.7;
				LD_RUNPATH_SEARCH_PATHS = (
					"$(inherited)",
					"@executable_path/Frameworks",
					"@loader_path/Frameworks",
				);
				PRODUCT_BUNDLE_IDENTIFIER = "hieutdt.zalo.MI-ComponentTests";
				PRODUCT_NAME = "$(TARGET_NAME)";
				TARGETED_DEVICE_FAMILY = "1,2";
				TEST_HOST = "$(BUILT_PRODUCTS_DIR)/MI Component.app/MI Component";
			};
			name = Debug;
		};
		D2609EA025048FC100E8E90A /* Release */ = {
			isa = XCBuildConfiguration;
			buildSettings = {
				BUNDLE_LOADER = "$(TEST_HOST)";
				CODE_SIGN_STYLE = Automatic;
				DEVELOPMENT_TEAM = VC54UPHUD4;
				INFOPLIST_FILE = "MI ComponentTests/Info.plist";
				IPHONEOS_DEPLOYMENT_TARGET = 13.7;
				LD_RUNPATH_SEARCH_PATHS = (
					"$(inherited)",
					"@executable_path/Frameworks",
					"@loader_path/Frameworks",
				);
				PRODUCT_BUNDLE_IDENTIFIER = "hieutdt.zalo.MI-ComponentTests";
				PRODUCT_NAME = "$(TARGET_NAME)";
				TARGETED_DEVICE_FAMILY = "1,2";
				TEST_HOST = "$(BUILT_PRODUCTS_DIR)/MI Component.app/MI Component";
			};
			name = Release;
		};
/* End XCBuildConfiguration section */

/* Begin XCConfigurationList section */
		D2609E6F25048FBF00E8E90A /* Build configuration list for PBXProject "MI Component" */ = {
			isa = XCConfigurationList;
			buildConfigurations = (
				D2609E9925048FC100E8E90A /* Debug */,
				D2609E9A25048FC100E8E90A /* Release */,
			);
			defaultConfigurationIsVisible = 0;
			defaultConfigurationName = Release;
		};
		D2609E9B25048FC100E8E90A /* Build configuration list for PBXNativeTarget "MI Component" */ = {
			isa = XCConfigurationList;
			buildConfigurations = (
				D2609E9C25048FC100E8E90A /* Debug */,
				D2609E9D25048FC100E8E90A /* Release */,
			);
			defaultConfigurationIsVisible = 0;
			defaultConfigurationName = Release;
		};
		D2609E9E25048FC100E8E90A /* Build configuration list for PBXNativeTarget "MI ComponentTests" */ = {
			isa = XCConfigurationList;
			buildConfigurations = (
				D2609E9F25048FC100E8E90A /* Debug */,
				D2609EA025048FC100E8E90A /* Release */,
			);
			defaultConfigurationIsVisible = 0;
			defaultConfigurationName = Release;
		};
/* End XCConfigurationList section */

/* Begin XCVersionGroup section */
		D2609E8325048FBF00E8E90A /* MI_Component.xcdatamodeld */ = {
			isa = XCVersionGroup;
			children = (
				D2609E8425048FBF00E8E90A /* MI_Component.xcdatamodel */,
			);
			currentVersion = D2609E8425048FBF00E8E90A /* MI_Component.xcdatamodel */;
			path = MI_Component.xcdatamodeld;
			sourceTree = "<group>";
			versionGroupType = wrapper.xcdatamodel;
		};
/* End XCVersionGroup section */
	};
	rootObject = D2609E6C25048FBF00E8E90A /* Project object */;
}
